
Microsoft Visual Studio Solution File, Format Version 12.00
# Visual Studio Version 17
VisualStudioVersion = 17.6.33723.286
MinimumVisualStudioVersion = 10.0.40219.1
Project("{FAE04EC0-301F-11D3-BF4B-00C04F79EFBC}") = "Ejercicio Empleados", "Ejercicio Empleados\Ejercicio Empleados.csproj", "{697047B3-904E-47FA-8BF9-9173705D10DE}"
EndProject
Global
	GlobalSection(SolutionConfigurationPlatforms) = preSolution
		Debug|Any CPU = Debug|Any CPU
		Release|Any CPU = Release|Any CPU
	EndGlobalSection
	GlobalSection(ProjectConfigurationPlatforms) = postSolution
		{697047B3-904E-47FA-8BF9-9173705D10DE}.Debug|Any CPU.ActiveCfg = Debug|Any CPU
		{697047B3-904E-47FA-8BF9-9173705D10DE}.Debug|Any CPU.Build.0 = Debug|Any CPU
		{697047B3-904E-47FA-8BF9-9173705D10DE}.Release|Any CPU.ActiveCfg = Release|Any CPU
		{697047B3-904E-47FA-8BF9-9173705D10DE}.Release|Any CPU.Build.0 = Release|Any CPU
	EndGlobalSection
	GlobalSection(SolutionProperties) = preSolution
		HideSolutionNode = FALSE
	EndGlobalSection
	GlobalSection(ExtensibilityGlobals) = postSolution
		SolutionGuid = {09E5CCFA-CDBE-45AE-8239-259414A04565}
	EndGlobalSection
EndGlobal
